// !$*UTF8*$!
{
	archiveVersion = 1;
	classes = {
	};
	objectVersion = 46;
	objects = {

/* Begin PBXBuildFile section */
		2A61BB281DD1F86D0024FA68 /* HomeViewController.swift in Sources */ = {isa = PBXBuildFile; fileRef = 2A61BB271DD1F86D0024FA68 /* HomeViewController.swift */; };
		2A672ADD1DD15D1200FF0ECF /* AppDelegate.swift in Sources */ = {isa = PBXBuildFile; fileRef = 2A672ADC1DD15D1200FF0ECF /* AppDelegate.swift */; };
		2A672ADF1DD15D1200FF0ECF /* MusicViewController.swift in Sources */ = {isa = PBXBuildFile; fileRef = 2A672ADE1DD15D1200FF0ECF /* MusicViewController.swift */; };
		2A672AE21DD15D1200FF0ECF /* Main.storyboard in Resources */ = {isa = PBXBuildFile; fileRef = 2A672AE01DD15D1200FF0ECF /* Main.storyboard */; };
		2A672AE71DD15D1200FF0ECF /* LaunchScreen.storyboard in Resources */ = {isa = PBXBuildFile; fileRef = 2A672AE51DD15D1200FF0ECF /* LaunchScreen.storyboard */; };
		2A9B7E8B1DD1A403004A90F4 /* Assets.xcassets in Resources */ = {isa = PBXBuildFile; fileRef = 2A9B7E8A1DD1A403004A90F4 /* Assets.xcassets */; };
		5A27CE5B1DD1B2B50013132F /* hqdefault.jpg in Resources */ = {isa = PBXBuildFile; fileRef = 5A27CE5A1DD1B2B50013132F /* hqdefault.jpg */; };
		5A27CE5D1DD1B45F0013132F /* FTButton.swift in Sources */ = {isa = PBXBuildFile; fileRef = 5A27CE5C1DD1B45F0013132F /* FTButton.swift */; };
/* End PBXBuildFile section */

/* Begin PBXFileReference section */
		2A61BB271DD1F86D0024FA68 /* HomeViewController.swift */ = {isa = PBXFileReference; fileEncoding = 4; lastKnownFileType = sourcecode.swift; path = HomeViewController.swift; sourceTree = "<group>"; };
		2A672AD91DD15D1200FF0ECF /* FTMusicPlayer.app */ = {isa = PBXFileReference; explicitFileType = wrapper.application; includeInIndex = 0; path = FTMusicPlayer.app; sourceTree = BUILT_PRODUCTS_DIR; };
		2A672ADC1DD15D1200FF0ECF /* AppDelegate.swift */ = {isa = PBXFileReference; lastKnownFileType = sourcecode.swift; path = AppDelegate.swift; sourceTree = "<group>"; };
		2A672ADE1DD15D1200FF0ECF /* MusicViewController.swift */ = {isa = PBXFileReference; lastKnownFileType = sourcecode.swift; path = MusicViewController.swift; sourceTree = "<group>"; };
		2A672AE11DD15D1200FF0ECF /* Base */ = {isa = PBXFileReference; lastKnownFileType = file.storyboard; name = Base; path = Base.lproj/Main.storyboard; sourceTree = "<group>"; };
		2A672AE61DD15D1200FF0ECF /* Base */ = {isa = PBXFileReference; lastKnownFileType = file.storyboard; name = Base; path = Base.lproj/LaunchScreen.storyboard; sourceTree = "<group>"; };
		2A672AE81DD15D1200FF0ECF /* Info.plist */ = {isa = PBXFileReference; lastKnownFileType = text.plist.xml; path = Info.plist; sourceTree = "<group>"; };
		2A9B7E8A1DD1A403004A90F4 /* Assets.xcassets */ = {isa = PBXFileReference; lastKnownFileType = folder.assetcatalog; path = Assets.xcassets; sourceTree = "<group>"; };
		5A27CE5A1DD1B2B50013132F /* hqdefault.jpg */ = {isa = PBXFileReference; lastKnownFileType = image.jpeg; path = hqdefault.jpg; sourceTree = "<group>"; };
		5A27CE5C1DD1B45F0013132F /* FTButton.swift */ = {isa = PBXFileReference; fileEncoding = 4; lastKnownFileType = sourcecode.swift; path = FTButton.swift; sourceTree = "<group>"; };
/* End PBXFileReference section */

/* Begin PBXFrameworksBuildPhase section */
		2A672AD61DD15D1100FF0ECF /* Frameworks */ = {
			isa = PBXFrameworksBuildPhase;
			buildActionMask = 2147483647;
			files = (
			);
			runOnlyForDeploymentPostprocessing = 0;
		};
/* End PBXFrameworksBuildPhase section */

/* Begin PBXGroup section */
		2A672AD01DD15D1100FF0ECF = {
			isa = PBXGroup;
			children = (
				2A672ADB1DD15D1200FF0ECF /* FTMusicPlayer */,
				2A672ADA1DD15D1200FF0ECF /* Products */,
			);
			sourceTree = "<group>";
		};
		2A672ADA1DD15D1200FF0ECF /* Products */ = {
			isa = PBXGroup;
			children = (
				2A672AD91DD15D1200FF0ECF /* FTMusicPlayer.app */,
			);
			name = Products;
			sourceTree = "<group>";
		};
		2A672ADB1DD15D1200FF0ECF /* FTMusicPlayer */ = {
			isa = PBXGroup;
			children = (
				2A672ADC1DD15D1200FF0ECF /* AppDelegate.swift */,
				2A61BB271DD1F86D0024FA68 /* HomeViewController.swift */,
				2A672ADE1DD15D1200FF0ECF /* MusicViewController.swift */,
				5A27CE5C1DD1B45F0013132F /* FTButton.swift */,
				5A27CE5A1DD1B2B50013132F /* hqdefault.jpg */,
				2A672AE01DD15D1200FF0ECF /* Main.storyboard */,
				2A9B7E8A1DD1A403004A90F4 /* Assets.xcassets */,
				2A672AE51DD15D1200FF0ECF /* LaunchScreen.storyboard */,
				2A672AE81DD15D1200FF0ECF /* Info.plist */,
			);
			path = FTMusicPlayer;
			sourceTree = "<group>";
		};
/* End PBXGroup section */

/* Begin PBXNativeTarget section */
		2A672AD81DD15D1100FF0ECF /* FTMusicPlayer */ = {
			isa = PBXNativeTarget;
			buildConfigurationList = 2A672AEB1DD15D1200FF0ECF /* Build configuration list for PBXNativeTarget "FTMusicPlayer" */;
			buildPhases = (
				2A672AD51DD15D1100FF0ECF /* Sources */,
				2A672AD61DD15D1100FF0ECF /* Frameworks */,
				2A672AD71DD15D1100FF0ECF /* Resources */,
			);
			buildRules = (
			);
			dependencies = (
			);
			name = FTMusicPlayer;
			productName = FTMusicPlayer;
			productReference = 2A672AD91DD15D1200FF0ECF /* FTMusicPlayer.app */;
			productType = "com.apple.product-type.application";
		};
/* End PBXNativeTarget section */

/* Begin PBXProject section */
		2A672AD11DD15D1100FF0ECF /* Project object */ = {
			isa = PBXProject;
			attributes = {
				LastSwiftUpdateCheck = 0810;
				LastUpgradeCheck = 0810;
				ORGANIZATIONNAME = LiuFengting;
				TargetAttributes = {
					2A672AD81DD15D1100FF0ECF = {
						CreatedOnToolsVersion = 8.1;
						DevelopmentTeam = E83AC9WR2F;
						ProvisioningStyle = Automatic;
					};
				};
			};
			buildConfigurationList = 2A672AD41DD15D1100FF0ECF /* Build configuration list for PBXProject "FTMusicPlayer" */;
			compatibilityVersion = "Xcode 3.2";
			developmentRegion = English;
			hasScannedForEncodings = 0;
			knownRegions = (
				en,
				Base,
			);
			mainGroup = 2A672AD01DD15D1100FF0ECF;
			productRefGroup = 2A672ADA1DD15D1200FF0ECF /* Products */;
			projectDirPath = "";
			projectRoot = "";
			targets = (
				2A672AD81DD15D1100FF0ECF /* FTMusicPlayer */,
			);
		};
/* End PBXProject section */

/* Begin PBXResourcesBuildPhase section */
		2A672AD71DD15D1100FF0ECF /* Resources */ = {
			isa = PBXResourcesBuildPhase;
			buildActionMask = 2147483647;
			files = (
				5A27CE5B1DD1B2B50013132F /* hqdefault.jpg in Resources */,
				2A672AE71DD15D1200FF0ECF /* LaunchScreen.storyboard in Resources */,
				2A9B7E8B1DD1A403004A90F4 /* Assets.xcassets in Resources */,
				2A672AE21DD15D1200FF0ECF /* Main.storyboard in Resources */,
			);
			runOnlyForDeploymentPostprocessing = 0;
		};
/* End PBXResourcesBuildPhase section */

/* Begin PBXSourcesBuildPhase section */
		2A672AD51DD15D1100FF0ECF /* Sources */ = {
			isa = PBXSourcesBuildPhase;
			buildActionMask = 2147483647;
			files = (
				5A27CE5D1DD1B45F0013132F /* FTButton.swift in Sources */,
				2A672ADF1DD15D1200FF0ECF /* MusicViewController.swift in Sources */,
				2A672ADD1DD15D1200FF0ECF /* AppDelegate.swift in Sources */,
				2A61BB281DD1F86D0024FA68 /* HomeViewController.swift in Sources */,
			);
			runOnlyForDeploymentPostprocessing = 0;
		};
/* End PBXSourcesBuildPhase section */

/* Begin PBXVariantGroup section */
		2A672AE01DD15D1200FF0ECF /* Main.storyboard */ = {
			isa = PBXVariantGroup;
			children = (
				2A672AE11DD15D1200FF0ECF /* Base */,
			);
			name = Main.storyboard;
			sourceTree = "<group>";
		};
		2A672AE51DD15D1200FF0ECF /* LaunchScreen.storyboard */ = {
			isa = PBXVariantGroup;
			children = (
				2A672AE61DD15D1200FF0ECF /* Base */,
			);
			name = LaunchScreen.storyboard;
			sourceTree = "<group>";
		};
/* End PBXVariantGroup section */

/* Begin XCBuildConfiguration section */
		2A672AE91DD15D1200FF0ECF /* Debug */ = {
			isa = XCBuildConfiguration;
			buildSettings = {
				ALWAYS_SEARCH_USER_PATHS = NO;
				CLANG_ANALYZER_NONNULL = YES;
				CLANG_CXX_LANGUAGE_STANDARD = "gnu++0x";
				CLANG_CXX_LIBRARY = "libc++";
				CLANG_ENABLE_MODULES = YES;
				CLANG_ENABLE_OBJC_ARC = YES;
				CLANG_WARN_BOOL_CONVERSION = YES;
				CLANG_WARN_CONSTANT_CONVERSION = YES;
				CLANG_WARN_DIRECT_OBJC_ISA_USAGE = YES_ERROR;
				CLANG_WARN_DOCUMENTATION_COMMENTS = YES;
				CLANG_WARN_EMPTY_BODY = YES;
				CLANG_WARN_ENUM_CONVERSION = YES;
				CLANG_WARN_INFINITE_RECURSION = YES;
				CLANG_WARN_INT_CONVERSION = YES;
				CLANG_WARN_OBJC_ROOT_CLASS = YES_ERROR;
				CLANG_WARN_SUSPICIOUS_MOVES = YES;
				CLANG_WARN_UNREACHABLE_CODE = YES;
				CLANG_WARN__DUPLICATE_METHOD_MATCH = YES;
				"CODE_SIGN_IDENTITY[sdk=iphoneos*]" = "iPhone Developer";
				COPY_PHASE_STRIP = NO;
				DEBUG_INFORMATION_FORMAT = dwarf;
				ENABLE_STRICT_OBJC_MSGSEND = YES;
				ENABLE_TESTABILITY = YES;
				GCC_C_LANGUAGE_STANDARD = gnu99;
				GCC_DYNAMIC_NO_PIC = NO;
				GCC_NO_COMMON_BLOCKS = YES;
				GCC_OPTIMIZATION_LEVEL = 0;
				GCC_PREPROCESSOR_DEFINITIONS = (
					"DEBUG=1",
					"$(inherited)",
				);
				GCC_WARN_64_TO_32_BIT_CONVERSION = YES;
				GCC_WARN_ABOUT_RETURN_TYPE = YES_ERROR;
				GCC_WARN_UNDECLARED_SELECTOR = YES;
				GCC_WARN_UNINITIALIZED_AUTOS = YES_AGGRESSIVE;
				GCC_WARN_UNUSED_FUNCTION = YES;
				GCC_WARN_UNUSED_VARIABLE = YES;
				IPHONEOS_DEPLOYMENT_TARGET = 10.1;
				MTL_ENABLE_DEBUG_INFO = YES;
				ONLY_ACTIVE_ARCH = YES;
				SDKROOT = iphoneos;
				SWIFT_ACTIVE_COMPILATION_CONDITIONS = DEBUG;
				SWIFT_OPTIMIZATION_LEVEL = "-Onone";
			};
			name = Debug;
		};
		2A672AEA1DD15D1200FF0ECF /* Release */ = {
			isa = XCBuildConfiguration;
			buildSettings = {
				ALWAYS_SEARCH_USER_PATHS = NO;
				CLANG_ANALYZER_NONNULL = YES;
				CLANG_CXX_LANGUAGE_STANDARD = "gnu++0x";
				CLANG_CXX_LIBRARY = "libc++";
				CLANG_ENABLE_MODULES = YES;
				CLANG_ENABLE_OBJC_ARC = YES;
				CLANG_WARN_BOOL_CONVERSION = YES;
				CLANG_WARN_CONSTANT_CONVERSION = YES;
				CLANG_WARN_DIRECT_OBJC_ISA_USAGE = YES_ERROR;
				CLANG_WARN_DOCUMENTATION_COMMENTS = YES;
				CLANG_WARN_EMPTY_BODY = YES;
				CLANG_WARN_ENUM_CONVERSION = YES;
				CLANG_WARN_INFINITE_RECURSION = YES;
				CLANG_WARN_INT_CONVERSION = YES;
				CLANG_WARN_OBJC_ROOT_CLASS = YES_ERROR;
				CLANG_WARN_SUSPICIOUS_MOVES = YES;
				CLANG_WARN_UNREACHABLE_CODE = YES;
				CLANG_WARN__DUPLICATE_METHOD_MATCH = YES;
				"CODE_SIGN_IDENTITY[sdk=iphoneos*]" = "iPhone Developer";
				COPY_PHASE_STRIP = NO;
				DEBUG_INFORMATION_FORMAT = "dwarf-with-dsym";
				ENABLE_NS_ASSERTIONS = NO;
				ENABLE_STRICT_OBJC_MSGSEND = YES;
				GCC_C_LANGUAGE_STANDARD = gnu99;
				GCC_NO_COMMON_BLOCKS = YES;
				GCC_WARN_64_TO_32_BIT_CONVERSION = YES;
				GCC_WARN_ABOUT_RETURN_TYPE = YES_ERROR;
				GCC_WARN_UNDECLARED_SELECTOR = YES;
				GCC_WARN_UNINITIALIZED_AUTOS = YES_AGGRESSIVE;
				GCC_WARN_UNUSED_FUNCTION = YES;
				GCC_WARN_UNUSED_VARIABLE = YES;
				IPHONEOS_DEPLOYMENT_TARGET = 10.1;
				MTL_ENABLE_DEBUG_INFO = NO;
				SDKROOT = iphoneos;
				SWIFT_OPTIMIZATION_LEVEL = "-Owholemodule";
				VALIDATE_PRODUCT = YES;
			};
			name = Release;
		};
		2A672AEC1DD15D1200FF0ECF /* Debug */ = {
			isa = XCBuildConfiguration;
			buildSettings = {
				ASSETCATALOG_COMPILER_APPICON_NAME = AppIcon;
				DEVELOPMENT_TEAM = E83AC9WR2F;
				INFOPLIST_FILE = FTMusicPlayer/Info.plist;
				LD_RUNPATH_SEARCH_PATHS = "$(inherited) @executable_path/Frameworks";
				PRODUCT_BUNDLE_IDENTIFIER = com.liufengting.FTMusicPlayer;
				PRODUCT_NAME = "$(TARGET_NAME)";
				SWIFT_VERSION = 3.0;
			};
			name = Debug;
		};
		2A672AED1DD15D1200FF0ECF /* Release */ = {
			isa = XCBuildConfiguration;
			buildSettings = {
				ASSETCATALOG_COMPILER_APPICON_NAME = AppIcon;
				DEVELOPMENT_TEAM = E83AC9WR2F;
				INFOPLIST_FILE = FTMusicPlayer/Info.plist;
				LD_RUNPATH_SEARCH_PATHS = "$(inherited) @executable_path/Frameworks";
				PRODUCT_BUNDLE_IDENTIFIER = com.liufengting.FTMusicPlayer;
				PRODUCT_NAME = "$(TARGET_NAME)";
				SWIFT_VERSION = 3.0;
			};
			name = Release;
		};
/* End XCBuildConfiguration section */

/* Begin XCConfigurationList section */
		2A672AD41DD15D1100FF0ECF /* Build configuration list for PBXProject "FTMusicPlayer" */ = {
			isa = XCConfigurationList;
			buildConfigurations = (
				2A672AE91DD15D1200FF0ECF /* Debug */,
				2A672AEA1DD15D1200FF0ECF /* Release */,
			);
			defaultConfigurationIsVisible = 0;
			defaultConfigurationName = Release;
		};
		2A672AEB1DD15D1200FF0ECF /* Build configuration list for PBXNativeTarget "FTMusicPlayer" */ = {
			isa = XCConfigurationList;
			buildConfigurations = (
				2A672AEC1DD15D1200FF0ECF /* Debug */,
				2A672AED1DD15D1200FF0ECF /* Release */,
			);
			defaultConfigurationIsVisible = 0;
			defaultConfigurationName = Release;
		};
/* End XCConfigurationList section */
	};
	rootObject = 2A672AD11DD15D1100FF0ECF /* Project object */;
}
